
Microsoft Visual Studio Solution File, Format Version 12.00
# Visual Studio Version 16
VisualStudioVersion = 16.0.30717.126
MinimumVisualStudioVersion = 10.0.40219.1
Project("{9A19103F-16F7-4668-BE54-9A1E7A4F7556}") = "MyStudioApp", "MyStudioApp.csproj", "{EC67E1F6-69B8-461B-B784-B6ADA4BB1B37}"
EndProject
Global
	GlobalSection(SolutionConfigurationPlatforms) = preSolution
		Debug|Any CPU = Debug|Any CPU
		Release|Any CPU = Release|Any CPU
	EndGlobalSection
	GlobalSection(ProjectConfigurationPlatforms) = postSolution
		{EC67E1F6-69B8-461B-B784-B6ADA4BB1B37}.Debug|Any CPU.ActiveCfg = Debug|Any CPU
		{EC67E1F6-69B8-461B-B784-B6ADA4BB1B37}.Debug|Any CPU.Build.0 = Debug|Any CPU
		{EC67E1F6-69B8-461B-B784-B6ADA4BB1B37}.Release|Any CPU.ActiveCfg = Release|Any CPU
		{EC67E1F6-69B8-461B-B784-B6ADA4BB1B37}.Release|Any CPU.Build.0 = Release|Any CPU
	EndGlobalSection
	GlobalSection(SolutionProperties) = preSolution
		HideSolutionNode = FALSE
	EndGlobalSection
	GlobalSection(ExtensibilityGlobals) = postSolution
		SolutionGuid = {AAD5B2D1-3EEE-441F-8B1E-8E4411210A23}
	EndGlobalSection
EndGlobal
